Microsoft Visual Studio Solution File, Format Version 12.00
# Visual Studio Version 17
VisualStudioVersion = 17.5.2.0
MinimumVisualStudioVersion = 10.0.40219.1
Project("{FAE04EC0-301F-11D3-BF4B-00C04F79EFBC}") = "AgencyApp", "AgencyApp.csproj", "{0A549C71-418A-EB02-BA40-AD09EED0B133}"
EndProject
Global
	GlobalSection(SolutionConfigurationPlatforms) = preSolution
		Debug|Any CPU = Debug|Any CPU
		Release|Any CPU = Release|Any CPU
	EndGlobalSection
	GlobalSection(ProjectConfigurationPlatforms) = postSolution
		{0A549C71-418A-EB02-BA40-AD09EED0B133}.Debug|Any CPU.ActiveCfg = Debug|Any CPU
		{0A549C71-418A-EB02-BA40-AD09EED0B133}.Debug|Any CPU.Build.0 = Debug|Any CPU
		{0A549C71-418A-EB02-BA40-AD09EED0B133}.Release|Any CPU.ActiveCfg = Release|Any CPU
		{0A549C71-418A-EB02-BA40-AD09EED0B133}.Release|Any CPU.Build.0 = Release|Any CPU
	EndGlobalSection
	GlobalSection(SolutionProperties) = preSolution
		HideSolutionNode = FALSE
	EndGlobalSection
	GlobalSection(ExtensibilityGlobals) = postSolution
		SolutionGuid = {42559C29-CC81-4E12-AE55-098D14AB194A}
	EndGlobalSection
EndGlobal
